
Microsoft Visual Studio Solution File, Format Version 12.00
# Visual Studio Version 17
VisualStudioVersion = 17.0.31903.59
MinimumVisualStudioVersion = 10.0.40219.1
Project("{2150E333-8FDC-42A3-9474-1A3956D46DE8}") = "src", "src", "{1CB2EE49-7322-499F-9FED-8E44644A2122}"
EndProject
Project("{FAE04EC0-301F-11D3-BF4B-00C04F79EFBC}") = "Forge.Contracts", "src\Forge.Contracts\Forge.Contracts.csproj", "{7A5B3C1D-4E2F-4A6B-9C0D-1E8F3A4B5C6D}"
EndProject
Project("{FAE04EC0-301F-11D3-BF4B-00C04F79EFBC}") = "Forge.Packaging", "src\Forge.Packaging\Forge.Packaging.csproj", "{289FEB55-4D9A-4003-848D-23D37C0E1F27}"
EndProject
Project("{FAE04EC0-301F-11D3-BF4B-00C04F79EFBC}") = "Forge.Catalog", "src\Forge.Catalog\Forge.Catalog.csproj", "{A02DDDAC-C45F-4F3A-990C-3297D2B44B76}"
EndProject
Project("{FAE04EC0-301F-11D3-BF4B-00C04F79EFBC}") = "Forge.Database", "src\Forge.Database\Forge.Database.csproj", "{E3C6F3D2-F9D3-4F21-B087-A3D5AF385DF4}"
EndProject
Project("{FAE04EC0-301F-11D3-BF4B-00C04F79EFBC}") = "Forge.Cli", "src\Forge.Cli\Forge.Cli.csproj", "{C4B2F1E3-9D7A-4A11-B5E6-7F8A2C3D4E5F}"
EndProject
Project("{2150E333-8FDC-42A3-9474-1A3956D46DE8}") = "tests", "tests", "{33758446-B1A5-4DF3-A127-58D78ECC3B49}"
EndProject
Project("{FAE04EC0-301F-11D3-BF4B-00C04F79EFBC}") = "Forge.Packaging.Tests", "tests\Forge.Packaging.Tests\Forge.Packaging.Tests.csproj", "{F2BAA10B-C27D-4216-AE3F-6454D222F5E8}"
EndProject
Project("{FAE04EC0-301F-11D3-BF4B-00C04F79EFBC}") = "Forge.Database.Tests", "tests\Forge.Database.Tests\Forge.Database.Tests.csproj", "{E53E0720-C0CD-4EDD-A235-A66F5F127CD7}"
EndProject
Project("{FAE04EC0-301F-11D3-BF4B-00C04F79EFBC}") = "Forge.Architecture.Tests", "tests\Forge.Architecture.Tests\Forge.Architecture.Tests.csproj", "{92DA777E-7D95-40D9-AD12-94BC0981B724}"
EndProject
Project("{FAE04EC0-301F-11D3-BF4B-00C04F79EFBC}") = "Forge.Catalog.Tests", "tests\Forge.Catalog.Tests\Forge.Catalog.Tests.csproj", "{5D8E2F4A-1B3C-4D5E-8F6A-0B9C1D2E3F4A}"
EndProject
Project("{FAE04EC0-301F-11D3-BF4B-00C04F79EFBC}") = "Forge.EndToEnd.Tests", "tests\Forge.EndToEnd.Tests\Forge.EndToEnd.Tests.csproj", "{D5C3A2B4-1E8B-4B22-C6F7-8A9B3D4E5F6A}"
EndProject
Project("{FAE04EC0-301F-11D3-BF4B-00C04F79EFBC}") = "Forge.Environments", "src\Forge.Environments\Forge.Environments.csproj", "{662956C2-1F58-4721-B6C7-79D240EC47D9}"
EndProject
Project("{FAE04EC0-301F-11D3-BF4B-00C04F79EFBC}") = "Forge.Environments.Tests", "tests\Forge.Environments.Tests\Forge.Environments.Tests.csproj", "{ACA13C2F-0DBC-472E-878E-6A13166A376B}"
EndProject
Global
	GlobalSection(SolutionConfigurationPlatforms) = preSolution
		Debug|Any CPU = Debug|Any CPU
		Release|Any CPU = Release|Any CPU
	EndGlobalSection
	GlobalSection(SolutionProperties) = preSolution
		HideSolutionNode = FALSE
	EndGlobalSection
	GlobalSection(ProjectConfigurationPlatforms) = postSolution
		{289FEB55-4D9A-4003-848D-23D37C0E1F27}.Debug|Any CPU.ActiveCfg = Debug|Any CPU
		{289FEB55-4D9A-4003-848D-23D37C0E1F27}.Debug|Any CPU.Build.0 = Debug|Any CPU
		{289FEB55-4D9A-4003-848D-23D37C0E1F27}.Release|Any CPU.ActiveCfg = Release|Any CPU
		{289FEB55-4D9A-4003-848D-23D37C0E1F27}.Release|Any CPU.Build.0 = Release|Any CPU
		{A02DDDAC-C45F-4F3A-990C-3297D2B44B76}.Debug|Any CPU.ActiveCfg = Debug|Any CPU
		{A02DDDAC-C45F-4F3A-990C-3297D2B44B76}.Debug|Any CPU.Build.0 = Debug|Any CPU
		{A02DDDAC-C45F-4F3A-990C-3297D2B44B76}.Release|Any CPU.ActiveCfg = Release|Any CPU
		{A02DDDAC-C45F-4F3A-990C-3297D2B44B76}.Release|Any CPU.Build.0 = Release|Any CPU
		{E3C6F3D2-F9D3-4F21-B087-A3D5AF385DF4}.Debug|Any CPU.ActiveCfg = Debug|Any CPU
		{E3C6F3D2-F9D3-4F21-B087-A3D5AF385DF4}.Debug|Any CPU.Build.0 = Debug|Any CPU
		{E3C6F3D2-F9D3-4F21-B087-A3D5AF385DF4}.Release|Any CPU.ActiveCfg = Release|Any CPU
		{E3C6F3D2-F9D3-4F21-B087-A3D5AF385DF4}.Release|Any CPU.Build.0 = Release|Any CPU
		{C4B2F1E3-9D7A-4A11-B5E6-7F8A2C3D4E5F}.Debug|Any CPU.ActiveCfg = Debug|Any CPU
		{C4B2F1E3-9D7A-4A11-B5E6-7F8A2C3D4E5F}.Debug|Any CPU.Build.0 = Debug|Any CPU
		{C4B2F1E3-9D7A-4A11-B5E6-7F8A2C3D4E5F}.Release|Any CPU.ActiveCfg = Release|Any CPU
		{C4B2F1E3-9D7A-4A11-B5E6-7F8A2C3D4E5F}.Release|Any CPU.Build.0 = Release|Any CPU
		{F2BAA10B-C27D-4216-AE3F-6454D222F5E8}.Debug|Any CPU.ActiveCfg = Debug|Any CPU
		{F2BAA10B-C27D-4216-AE3F-6454D222F5E8}.Debug|Any CPU.Build.0 = Debug|Any CPU
		{F2BAA10B-C27D-4216-AE3F-6454D222F5E8}.Release|Any CPU.ActiveCfg = Release|Any CPU
		{F2BAA10B-C27D-4216-AE3F-6454D222F5E8}.Release|Any CPU.Build.0 = Release|Any CPU
		{E53E0720-C0CD-4EDD-A235-A66F5F127CD7}.Debug|Any CPU.ActiveCfg = Debug|Any CPU
		{E53E0720-C0CD-4EDD-A235-A66F5F127CD7}.Debug|Any CPU.Build.0 = Debug|Any CPU
		{E53E0720-C0CD-4EDD-A235-A66F5F127CD7}.Release|Any CPU.ActiveCfg = Release|Any CPU
		{E53E0720-C0CD-4EDD-A235-A66F5F127CD7}.Release|Any CPU.Build.0 = Release|Any CPU
		{92DA777E-7D95-40D9-AD12-94BC0981B724}.Debug|Any CPU.ActiveCfg = Debug|Any CPU
		{92DA777E-7D95-40D9-AD12-94BC0981B724}.Debug|Any CPU.Build.0 = Debug|Any CPU
		{92DA777E-7D95-40D9-AD12-94BC0981B724}.Release|Any CPU.ActiveCfg = Release|Any CPU
		{92DA777E-7D95-40D9-AD12-94BC0981B724}.Release|Any CPU.Build.0 = Release|Any CPU
		{7A5B3C1D-4E2F-4A6B-9C0D-1E8F3A4B5C6D}.Debug|Any CPU.ActiveCfg = Debug|Any CPU
		{7A5B3C1D-4E2F-4A6B-9C0D-1E8F3A4B5C6D}.Debug|Any CPU.Build.0 = Debug|Any CPU
		{7A5B3C1D-4E2F-4A6B-9C0D-1E8F3A4B5C6D}.Release|Any CPU.ActiveCfg = Release|Any CPU
		{7A5B3C1D-4E2F-4A6B-9C0D-1E8F3A4B5C6D}.Release|Any CPU.Build.0 = Release|Any CPU
		{5D8E2F4A-1B3C-4D5E-8F6A-0B9C1D2E3F4A}.Debug|Any CPU.ActiveCfg = Debug|Any CPU
		{5D8E2F4A-1B3C-4D5E-8F6A-0B9C1D2E3F4A}.Debug|Any CPU.Build.0 = Debug|Any CPU
		{5D8E2F4A-1B3C-4D5E-8F6A-0B9C1D2E3F4A}.Release|Any CPU.ActiveCfg = Release|Any CPU
		{5D8E2F4A-1B3C-4D5E-8F6A-0B9C1D2E3F4A}.Release|Any CPU.Build.0 = Release|Any CPU
		{D5C3A2B4-1E8B-4B22-C6F7-8A9B3D4E5F6A}.Debug|Any CPU.ActiveCfg = Debug|Any CPU
		{D5C3A2B4-1E8B-4B22-C6F7-8A9B3D4E5F6A}.Debug|Any CPU.Build.0 = Debug|Any CPU
		{D5C3A2B4-1E8B-4B22-C6F7-8A9B3D4E5F6A}.Release|Any CPU.ActiveCfg = Release|Any CPU
		{D5C3A2B4-1E8B-4B22-C6F7-8A9B3D4E5F6A}.Release|Any CPU.Build.0 = Release|Any CPU
		{662956C2-1F58-4721-B6C7-79D240EC47D9}.Debug|Any CPU.ActiveCfg = Debug|Any CPU
		{662956C2-1F58-4721-B6C7-79D240EC47D9}.Debug|Any CPU.Build.0 = Debug|Any CPU
		{662956C2-1F58-4721-B6C7-79D240EC47D9}.Release|Any CPU.ActiveCfg = Release|Any CPU
		{662956C2-1F58-4721-B6C7-79D240EC47D9}.Release|Any CPU.Build.0 = Release|Any CPU
		{ACA13C2F-0DBC-472E-878E-6A13166A376B}.Debug|Any CPU.ActiveCfg = Debug|Any CPU
		{ACA13C2F-0DBC-472E-878E-6A13166A376B}.Debug|Any CPU.Build.0 = Debug|Any CPU
		{ACA13C2F-0DBC-472E-878E-6A13166A376B}.Release|Any CPU.ActiveCfg = Release|Any CPU
		{ACA13C2F-0DBC-472E-878E-6A13166A376B}.Release|Any CPU.Build.0 = Release|Any CPU
	EndGlobalSection
	GlobalSection(NestedProjects) = preSolution
		{289FEB55-4D9A-4003-848D-23D37C0E1F27} = {1CB2EE49-7322-499F-9FED-8E44644A2122}
		{A02DDDAC-C45F-4F3A-990C-3297D2B44B76} = {1CB2EE49-7322-499F-9FED-8E44644A2122}
		{E3C6F3D2-F9D3-4F21-B087-A3D5AF385DF4} = {1CB2EE49-7322-499F-9FED-8E44644A2122}
		{C4B2F1E3-9D7A-4A11-B5E6-7F8A2C3D4E5F} = {1CB2EE49-7322-499F-9FED-8E44644A2122}
		{F2BAA10B-C27D-4216-AE3F-6454D222F5E8} = {33758446-B1A5-4DF3-A127-58D78ECC3B49}
		{E53E0720-C0CD-4EDD-A235-A66F5F127CD7} = {33758446-B1A5-4DF3-A127-58D78ECC3B49}
		{92DA777E-7D95-40D9-AD12-94BC0981B724} = {33758446-B1A5-4DF3-A127-58D78ECC3B49}
		{7A5B3C1D-4E2F-4A6B-9C0D-1E8F3A4B5C6D} = {1CB2EE49-7322-499F-9FED-8E44644A2122}
		{5D8E2F4A-1B3C-4D5E-8F6A-0B9C1D2E3F4A} = {33758446-B1A5-4DF3-A127-58D78ECC3B49}
		{D5C3A2B4-1E8B-4B22-C6F7-8A9B3D4E5F6A} = {33758446-B1A5-4DF3-A127-58D78ECC3B49}
		{662956C2-1F58-4721-B6C7-79D240EC47D9} = {1CB2EE49-7322-499F-9FED-8E44644A2122}
		{ACA13C2F-0DBC-472E-878E-6A13166A376B} = {33758446-B1A5-4DF3-A127-58D78ECC3B49}
	EndGlobalSection
EndGlobal
